{
    "_meta": {
        "hash": {
            "sha256": "8cadf9eaaa31ad70212aac01c7058765e48367db0d631a1a5d63d53e5bf2cc94"
        },
        "pipfile-spec": 6,
        "requires": {
            "python_version": "3.10"
        },
        "sources": [
            {
                "name": "pypi",
                "url": "https://pypi.org/simple",
                "verify_ssl": true
            }
        ]
    },
    "default": {
        "attrs": {
            "hashes": [
                "sha256:935dc3b529c262f6cf76e50877d35a4bd3c1de194fd41f47a2b7ae8f19971f30",
                "sha256:99b87a485a5820b23b879f04c2305b44b951b502fd64be915879d77a7e8fc6f1"
            ],
            "markers": "python_version >= '3.7'",
            "version": "==23.2.0"
        },
        "aws-cdk-lib": {
            "hashes": [
                "sha256:3d16664234db35cfe8731390f67f13fd155ba9482c1c0207e2c04c123a73e0a1",
                "sha256:f99fc196fb233c09f73eb5699bd6ff9d6aac75496cc01dc1edb589e25a2d69c1"
            ],
            "index": "pypi",
            "markers": "python_version ~= '3.7'",
            "version": "==2.95.1"
        },
        "aws-cdk.asset-awscli-v1": {
            "hashes": [
                "sha256:3ef87d6530736b3a7b0f777fe3b4297994dd40c3ce9306d95f80f48fb18036e8",
                "sha256:96205ea2e5e132ec52fabfff37ea25b9b859498f167d05b32564c949822cd331"
            ],
            "markers": "python_version ~= '3.8'",
            "version": "==2.2.202"
        },
        "aws-cdk.asset-kubectl-v20": {
            "hashes": [
                "sha256:346283e43018a43e3b3ca571de3f44e85d49c038dc20851894cb8f9b2052b164",
                "sha256:7f0617ab6cb942b066bd7174bf3e1f377e57878c3e1cddc21d6b2d13c92d0cc1"
            ],
            "markers": "python_version ~= '3.7'",
            "version": "==2.1.2"
        },
        "aws-cdk.asset-node-proxy-agent-v6": {
            "hashes": [
                "sha256:b62cb10c69a42cab135e6bc670e3d2d3121fd4f53a0f61e53449da4b12738a6f",
                "sha256:ef2ff0634ab037e2ebddbe69d7c92515a847c6c8bb2abdfc85b089f5e87761cb"
            ],
            "markers": "python_version ~= '3.8'",
            "version": "==2.0.3"
        },
        "black": {
            "hashes": [
                "sha256:2818cf72dfd5d289e48f37ccfa08b460bf469e67fb7c4abb07edc2e9f16fb63f",
                "sha256:41622020d7120e01d377f74249e677039d20e6344ff5851de8a10f11f513bf93",
                "sha256:4acf672def7eb1725f41f38bf6bf425c8237248bb0804faa3965c036f7672d11",
                "sha256:4be5bb28e090456adfc1255e03967fb67ca846a03be7aadf6249096100ee32d0",
                "sha256:4f1373a7808a8f135b774039f61d59e4be7eb56b2513d3d2f02a8b9365b8a8a9",
                "sha256:56f52cfbd3dabe2798d76dbdd299faa046a901041faf2cf33288bc4e6dae57b5",
                "sha256:65b76c275e4c1c5ce6e9870911384bff5ca31ab63d19c76811cb1fb162678213",
                "sha256:65c02e4ea2ae09d16314d30912a58ada9a5c4fdfedf9512d23326128ac08ac3d",
                "sha256:6905238a754ceb7788a73f02b45637d820b2f5478b20fec82ea865e4f5d4d9f7",
                "sha256:79dcf34b33e38ed1b17434693763301d7ccbd1c5860674a8f871bd15139e7837",
                "sha256:7bb041dca0d784697af4646d3b62ba4a6b028276ae878e53f6b4f74ddd6db99f",
                "sha256:7d5e026f8da0322b5662fa7a8e752b3fa2dac1c1cbc213c3d7ff9bdd0ab12395",
                "sha256:9f50ea1132e2189d8dff0115ab75b65590a3e97de1e143795adb4ce317934995",
                "sha256:a0c9c4a0771afc6919578cec71ce82a3e31e054904e7197deacbc9382671c41f",
                "sha256:aadf7a02d947936ee418777e0247ea114f78aff0d0959461057cae8a04f20597",
                "sha256:b5991d523eee14756f3c8d5df5231550ae8993e2286b8014e2fdea7156ed0959",
                "sha256:bf21b7b230718a5f08bd32d5e4f1db7fc8788345c8aea1d155fc17852b3410f5",
                "sha256:c45f8dff244b3c431b36e3224b6be4a127c6aca780853574c00faf99258041eb",
                "sha256:c7ed6668cbbfcd231fa0dc1b137d3e40c04c7f786e626b405c62bcd5db5857e4",
                "sha256:d7de8d330763c66663661a1ffd432274a2f92f07feeddd89ffd085b5744f85e7",
                "sha256:e19cb1c6365fd6dc38a6eae2dcb691d7d83935c10215aef8e6c38edee3f77abd",
                "sha256:e2af80566f43c85f5797365077fb64a393861a3730bd110971ab7a0c94e873e7"
            ],
            "index": "pypi",
            "markers": "python_version >= '3.8'",
            "version": "==24.3.0"
        },
        "boto3": {
            "hashes": [
                "sha256:7623b52c135becf145f762a9cc4203a1fb30055bb1cc7a254f82e5f7954d44a1",
                "sha256:aa861e5568a564a5ce2fff5413d6ae2cda0eed7399b3a949bc861a20915e2046"
            ],
            "index": "pypi",
            "markers": "python_version >= '3.7'",
            "version": "==1.28.59"
        },
        "boto3-stubs": {
            "hashes": [
                "sha256:4d8f4387e128561413a54944396a3d316b3113aa9c74ccf34ff850c2e0e4bb9a",
                "sha256:921e5ef6acf22736191087d7fef08d095353310b752d4f341d975f0965fe176b"
            ],
            "index": "pypi",
            "markers": "python_version >= '3.7'",
            "version": "==1.28.59"
        },
        "botocore": {
            "hashes": [
                "sha256:b8f35d65f2b45af50c36fc25cc1844d6bd61d38d2148b2ef133b8f10e198555d",
                "sha256:ce58e688222df73ec5691f934be1a2122a52c9d11d3037b586b3fff16ed6d25f"
            ],
            "markers": "python_version >= '3.7'",
            "version": "==1.31.85"
        },
        "botocore-stubs": {
            "hashes": [
                "sha256:64d80a3467e3b19939e9c2750af33328b3087f8f524998dbdf7ed168227f507d",
                "sha256:b0345f55babd8b901c53804fc5c326a4a0bd2e23e3b71f9ea5d9f7663466e6ba"
            ],
            "markers": "python_version >= '3.8' and python_version < '4.0'",
            "version": "==1.34.94"
        },
        "cargo-lambda": {
            "hashes": [
                "sha256:43d2d5b7d175bb4ad1fa92e520ca381213ab6725b41aff87f5bf9515c3912c43",
                "sha256:4877adea6c25b5db94cf14dab286370de6fc69822d242527076ebf2c733f5dd6",
                "sha256:504c549b07e0801b56d99c52224c8ec89df21e728c5290542512b61099190f12",
                "sha256:50d375944be1051009c4ce24cd927302c3d8b260217ad41aaf643a014a02e696",
                "sha256:51c29d9873a608f01f25192e0d0dd4c6e2eb364658cc9cc0d028d0b1186d1c44",
                "sha256:55a30f4fe3c6c1d86ff7d9936605ea847d3b98f1f34c87577d58c646b69eed81",
                "sha256:a6a5463821ed5e113feec15837ab9201fc75671344a442dd19e407648d085550",
                "sha256:b3e402961550aee058f830dc41b53294fd00aeb3620c08f1af4f65468dbe6d13"
            ],
            "index": "pypi",
            "version": "==1.1.0"
        },
        "cattrs": {
            "hashes": [
                "sha256:0341994d94971052e9ee70662542699a3162ea1e0c62f7ce1b4a57f563685108",
                "sha256:a934090d95abaa9e911dac357e3a8699e0b4b14f8529bcc7d2b1ad9d51672b9f"
            ],
            "markers": "python_version >= '3.8'",
            "version": "==23.2.3"
        },
        "click": {
            "hashes": [
                "sha256:ae74fb96c20a0277a1d615f1e4d73c8414f5a98db8b799a7931d1582f3390c28",
                "sha256:ca9853ad459e787e2192211578cc907e7594e294c7ccc834310722b41b9ca6de"
            ],
            "markers": "python_version >= '3.7'",
            "version": "==8.1.7"
        },
        "constructs": {
            "hashes": [
                "sha256:2972f514837565ff5b09171cfba50c0159dfa75ee86a42921ea8c86f2941b3d2",
                "sha256:518551135ec236f9cc6b86500f4fbbe83b803ccdc6c2cb7684e0b7c4d234e7b1"
            ],
            "index": "pypi",
            "markers": "python_version ~= '3.7'",
            "version": "==10.3.0"
        },
        "exceptiongroup": {
            "hashes": [
                "sha256:5258b9ed329c5bbdd31a309f53cbfb0b155341807f6ff7606a1e801a891b29ad",
                "sha256:a4785e48b045528f5bfe627b6ad554ff32def154f42372786903b7abcfe1aa16"
            ],
            "markers": "python_version < '3.11'",
            "version": "==1.2.1"
        },
        "importlib-resources": {
            "hashes": [
                "sha256:50d10f043df931902d4194ea07ec57960f66a80449ff867bfe782b4c486ba78c",
                "sha256:cdb2b453b8046ca4e3798eb1d84f3cce1446a0e8e7b5ef4efb600f19fc398145"
            ],
            "markers": "python_version >= '3.8'",
            "version": "==6.4.0"
        },
        "jmespath": {
            "hashes": [
                "sha256:02e2e4cc71b5bcab88332eebf907519190dd9e6e82107fa7f83b1003a6252980",
                "sha256:90261b206d6defd58fdd5e85f478bf633a2901798906be2ad389150c5c60edbe"
            ],
            "markers": "python_version >= '3.7'",
            "version": "==1.0.1"
        },
        "jsii": {
            "hashes": [
                "sha256:3067d523126ce8178374dd958c60350efc831fc2ef3eb94a0a755d64fa4cc22d",
                "sha256:64bbaf9c494626bc0afd1b95834f0dba66a2f2ecbb0da97fa3000c4b01d67857"
            ],
            "markers": "python_version ~= '3.8'",
            "version": "==1.98.0"
        },
        "mypy": {
            "hashes": [
                "sha256:0e81ffd120ee24959b449b647c4b2fbfcf8acf3465e082b8d58fd6c4c2b27e46",
                "sha256:185cff9b9a7fec1f9f7d8352dff8a4c713b2e3eea9c6c4b5ff7f0edf46b91e41",
                "sha256:1e280b5697202efa698372d2f39e9a6713a0395a756b1c6bd48995f8d72690dc",
                "sha256:1fe46e96ae319df21359c8db77e1aecac8e5949da4773c0274c0ef3d8d1268a9",
                "sha256:2b53655a295c1ed1af9e96b462a736bf083adba7b314ae775563e3fb4e6795f5",
                "sha256:551d4a0cdcbd1d2cccdcc7cb516bb4ae888794929f5b040bb51aae1846062901",
                "sha256:55d28d7963bef00c330cb6461db80b0b72afe2f3c4e2963c99517cf06454e665",
                "sha256:5da84d7bf257fd8f66b4f759a904fd2c5a765f70d8b52dde62b521972a0a2357",
                "sha256:6cb8d5f6d0fcd9e708bb190b224089e45902cacef6f6915481806b0c77f7786d",
                "sha256:7a7b1e399c47b18feb6f8ad4a3eef3813e28c1e871ea7d4ea5d444b2ac03c418",
                "sha256:870bd1ffc8a5862e593185a4c169804f2744112b4a7c55b93eb50f48e7a77010",
                "sha256:87c076c174e2c7ef8ab416c4e252d94c08cd4980a10967754f91571070bf5fbe",
                "sha256:96650d9a4c651bc2a4991cf46f100973f656d69edc7faf91844e87fe627f7e96",
                "sha256:a3637c03f4025f6405737570d6cbfa4f1400eb3c649317634d273687a09ffc2f",
                "sha256:a79cdc12a02eb526d808a32a934c6fe6df07b05f3573d210e41808020aed8b5d",
                "sha256:b633f188fc5ae1b6edca39dae566974d7ef4e9aaaae00bc36efe1f855e5173ac",
                "sha256:bf7a2f0a6907f231d5e41adba1a82d7d88cf1f61a70335889412dec99feeb0f8",
                "sha256:c1b06b4b109e342f7dccc9efda965fc3970a604db70f8560ddfdee7ef19afb05",
                "sha256:cddee95dea7990e2215576fae95f6b78a8c12f4c089d7e4367564704e99118d3",
                "sha256:d01921dbd691c4061a3e2ecdbfbfad029410c5c2b1ee88946bf45c62c6c91210",
                "sha256:d0fa29919d2e720c8dbaf07d5578f93d7b313c3e9954c8ec05b6d83da592e5d9",
                "sha256:d6ed9a3997b90c6f891138e3f83fb8f475c74db4ccaa942a1c7bf99e83a989a1",
                "sha256:d93e76c2256aa50d9c82a88e2f569232e9862c9982095f6d54e13509f01222fc",
                "sha256:df67fbeb666ee8828f675fee724cc2cbd2e4828cc3df56703e02fe6a421b7401",
                "sha256:f29386804c3577c83d76520abf18cfcd7d68264c7e431c5907d250ab502658ee",
                "sha256:f65f385a6f43211effe8c682e8ec3f55d79391f70a201575def73d08db68ead1",
                "sha256:fc9fe455ad58a20ec68599139ed1113b21f977b536a91b42bef3ffed5cce7391"
            ],
            "index": "pypi",
            "markers": "python_version >= '3.8'",
            "version": "==1.7.0"
        },
        "mypy-extensions": {
            "hashes": [
                "sha256:4392f6c0eb8a5668a69e23d168ffa70f0be9ccfd32b5cc2d26a34ae5b844552d",
                "sha256:75dbf8955dc00442a438fc4d0666508a9a97b6bd41aa2f0ffe9d2f2725af0782"
            ],
            "markers": "python_version >= '3.5'",
            "version": "==1.0.0"
        },
        "packaging": {
            "hashes": [
                "sha256:2ddfb553fdf02fb784c234c7ba6ccc288296ceabec964ad2eae3777778130bc5",
                "sha256:eb82c5e3e56209074766e6885bb04b8c38a0c015d0a30036ebe7ece34c9989e9"
            ],
            "markers": "python_version >= '3.7'",
            "version": "==24.0"
        },
        "pathspec": {
            "hashes": [
                "sha256:a0d503e138a4c123b27490a4f7beda6a01c6f288df0e4a8b79c7eb0dc7b4cc08",
                "sha256:a482d51503a1ab33b1c67a6c3813a26953dbdc71c31dacaef9a838c4e29f5712"
            ],
            "markers": "python_version >= '3.8'",
            "version": "==0.12.1"
        },
        "platformdirs": {
            "hashes": [
                "sha256:2d7a1657e36a80ea911db832a8a6ece5ee53d8de21edd5cc5879af6530b1bfee",
                "sha256:38b7b51f512eed9e84a22788b4bce1de17c0adb134d6becb09836e37d8654cd3"
            ],
            "markers": "python_version >= '3.8'",
            "version": "==4.2.2"
        },
        "publication": {
            "hashes": [
                "sha256:0248885351febc11d8a1098d5c8e3ab2dabcf3e8c0c96db1e17ecd12b53afbe6",
                "sha256:68416a0de76dddcdd2930d1c8ef853a743cc96c82416c4e4d3b5d901c6276dc4"
            ],
            "version": "==0.0.3"
        },
        "python-dateutil": {
            "hashes": [
                "sha256:37dd54208da7e1cd875388217d5e00ebd4179249f90fb72437e91a35459a0ad3",
                "sha256:a8b2bc7bffae282281c8140a97d3aa9c14da0b136dfe83f850eea9a5f7470427"
            ],
            "markers": "python_version >= '2.7' and python_version not in '3.0, 3.1, 3.2, 3.3'",
            "version": "==2.9.0.post0"
        },
        "pyyaml": {
            "hashes": [
                "sha256:04ac92ad1925b2cff1db0cfebffb6ffc43457495c9b3c39d3fcae417d7125dc5",
                "sha256:062582fca9fabdd2c8b54a3ef1c978d786e0f6b3a1510e0ac93ef59e0ddae2bc",
                "sha256:0d3304d8c0adc42be59c5f8a4d9e3d7379e6955ad754aa9d6ab7a398b59dd1df",
                "sha256:1635fd110e8d85d55237ab316b5b011de701ea0f29d07611174a1b42f1444741",
                "sha256:184c5108a2aca3c5b3d3bf9395d50893a7ab82a38004c8f61c258d4428e80206",
                "sha256:18aeb1bf9a78867dc38b259769503436b7c72f7a1f1f4c93ff9a17de54319b27",
                "sha256:1d4c7e777c441b20e32f52bd377e0c409713e8bb1386e1099c2415f26e479595",
                "sha256:1e2722cc9fbb45d9b87631ac70924c11d3a401b2d7f410cc0e3bbf249f2dca62",
                "sha256:1fe35611261b29bd1de0070f0b2f47cb6ff71fa6595c077e42bd0c419fa27b98",
                "sha256:28c119d996beec18c05208a8bd78cbe4007878c6dd15091efb73a30e90539696",
                "sha256:326c013efe8048858a6d312ddd31d56e468118ad4cdeda36c719bf5bb6192290",
                "sha256:40df9b996c2b73138957fe23a16a4f0ba614f4c0efce1e9406a184b6d07fa3a9",
                "sha256:42f8152b8dbc4fe7d96729ec2b99c7097d656dc1213a3229ca5383f973a5ed6d",
                "sha256:49a183be227561de579b4a36efbb21b3eab9651dd81b1858589f796549873dd6",
                "sha256:4fb147e7a67ef577a588a0e2c17b6db51dda102c71de36f8549b6816a96e1867",
                "sha256:50550eb667afee136e9a77d6dc71ae76a44df8b3e51e41b77f6de2932bfe0f47",
                "sha256:510c9deebc5c0225e8c96813043e62b680ba2f9c50a08d3724c7f28a747d1486",
                "sha256:5773183b6446b2c99bb77e77595dd486303b4faab2b086e7b17bc6bef28865f6",
                "sha256:596106435fa6ad000c2991a98fa58eeb8656ef2325d7e158344fb33864ed87e3",
                "sha256:6965a7bc3cf88e5a1c3bd2e0b5c22f8d677dc88a455344035f03399034eb3007",
                "sha256:69b023b2b4daa7548bcfbd4aa3da05b3a74b772db9e23b982788168117739938",
                "sha256:6c22bec3fbe2524cde73d7ada88f6566758a8f7227bfbf93a408a9d86bcc12a0",
                "sha256:704219a11b772aea0d8ecd7058d0082713c3562b4e271b849ad7dc4a5c90c13c",
                "sha256:7e07cbde391ba96ab58e532ff4803f79c4129397514e1413a7dc761ccd755735",
                "sha256:81e0b275a9ecc9c0c0c07b4b90ba548307583c125f54d5b6946cfee6360c733d",
                "sha256:855fb52b0dc35af121542a76b9a84f8d1cd886ea97c84703eaa6d88e37a2ad28",
                "sha256:8d4e9c88387b0f5c7d5f281e55304de64cf7f9c0021a3525bd3b1c542da3b0e4",
                "sha256:9046c58c4395dff28dd494285c82ba00b546adfc7ef001486fbf0324bc174fba",
                "sha256:9eb6caa9a297fc2c2fb8862bc5370d0303ddba53ba97e71f08023b6cd73d16a8",
                "sha256:a08c6f0fe150303c1c6b71ebcd7213c2858041a7e01975da3a99aed1e7a378ef",
                "sha256:a0cd17c15d3bb3fa06978b4e8958dcdc6e0174ccea823003a106c7d4d7899ac5",
                "sha256:afd7e57eddb1a54f0f1a974bc4391af8bcce0b444685d936840f125cf046d5bd",
                "sha256:b1275ad35a5d18c62a7220633c913e1b42d44b46ee12554e5fd39c70a243d6a3",
                "sha256:b786eecbdf8499b9ca1d697215862083bd6d2a99965554781d0d8d1ad31e13a0",
                "sha256:ba336e390cd8e4d1739f42dfe9bb83a3cc2e80f567d8805e11b46f4a943f5515",
                "sha256:baa90d3f661d43131ca170712d903e6295d1f7a0f595074f151c0aed377c9b9c",
                "sha256:bc1bf2925a1ecd43da378f4db9e4f799775d6367bdb94671027b73b393a7c42c",
                "sha256:bd4af7373a854424dabd882decdc5579653d7868b8fb26dc7d0e99f823aa5924",
                "sha256:bf07ee2fef7014951eeb99f56f39c9bb4af143d8aa3c21b1677805985307da34",
                "sha256:bfdf460b1736c775f2ba9f6a92bca30bc2095067b8a9d77876d1fad6cc3b4a43",
                "sha256:c8098ddcc2a85b61647b2590f825f3db38891662cfc2fc776415143f599bb859",
                "sha256:d2b04aac4d386b172d5b9692e2d2da8de7bfb6c387fa4f801fbf6fb2e6ba4673",
                "sha256:d483d2cdf104e7c9fa60c544d92981f12ad66a457afae824d146093b8c294c54",
                "sha256:d858aa552c999bc8a8d57426ed01e40bef403cd8ccdd0fc5f6f04a00414cac2a",
                "sha256:e7d73685e87afe9f3b36c799222440d6cf362062f78be1013661b00c5c6f678b",
                "sha256:f003ed9ad21d6a4713f0a9b5a7a0a79e08dd0f221aff4525a2be4c346ee60aab",
                "sha256:f22ac1c3cac4dbc50079e965eba2c1058622631e526bd9afd45fedd49ba781fa",
                "sha256:faca3bdcf85b2fc05d06ff3fbc1f83e1391b3e724afa3feba7d13eeab355484c",
                "sha256:fca0e3a251908a499833aa292323f32437106001d436eca0e6e7833256674585",
                "sha256:fd1592b3fdf65fff2ad0004b5e363300ef59ced41c2e6b3a99d4089fa8c5435d",
                "sha256:fd66fc5d0da6d9815ba2cebeb4205f95818ff4b79c3ebe268e75d961704af52f"
            ],
            "index": "pypi",
            "markers": "python_version >= '3.6'",
            "version": "==6.0.1"
        },
        "s3transfer": {
            "hashes": [
                "sha256:10d6923c6359175f264811ef4bf6161a3156ce8e350e705396a7557d6293c33a",
                "sha256:fd3889a66f5fe17299fe75b82eae6cf722554edca744ca5d5fe308b104883d2e"
            ],
            "markers": "python_version >= '3.7'",
            "version": "==0.7.0"
        },
        "six": {
            "hashes": [
                "sha256:1e61c37477a1626458e36f7b1d82aa5c9b094fa4802892072e49de9c60c4c926",
                "sha256:8abb2f1d86890a2dfb989f9a77cfcfd3e47c2a354b01111771326f8aa26e0254"
            ],
            "markers": "python_version >= '2.7' and python_version not in '3.0, 3.1, 3.2, 3.3'",
            "version": "==1.16.0"
        },
        "tomli": {
            "hashes": [
                "sha256:939de3e7a6161af0c887ef91b7d41a53e7c5a1ca976325f429cb46ea9bc30ecc",
                "sha256:de526c12914f0c550d15924c62d72abc48d6fe7364aa87328337a31007fe8a4f"
            ],
            "markers": "python_version < '3.11'",
            "version": "==2.0.1"
        },
        "typeguard": {
            "hashes": [
                "sha256:00edaa8da3a133674796cf5ea87d9f4b4c367d77476e185e80251cc13dfbb8c4",
                "sha256:5e3e3be01e887e7eafae5af63d1f36c849aaa94e3a0112097312aabfa16284f1"
            ],
            "markers": "python_full_version >= '3.5.3'",
            "version": "==2.13.3"
        },
        "types-awscrt": {
            "hashes": [
                "sha256:3ae374b553e7228ba41a528cf42bd0b2ad7303d806c73eff4aaaac1515e3ea4e",
                "sha256:64898a2f4a2468f66233cb8c29c5f66de907cf80ba1ef5bb1359aef2f81bb521"
            ],
            "markers": "python_version >= '3.7' and python_version < '4.0'",
            "version": "==0.20.9"
        },
        "types-pyyaml": {
            "hashes": [
                "sha256:7d340b19ca28cddfdba438ee638cd4084bde213e501a3978738543e27094775b",
                "sha256:a461508f3096d1d5810ec5ab95d7eeecb651f3a15b71959999988942063bf01d"
            ],
            "index": "pypi",
            "version": "==6.0.12.11"
        },
        "types-requests": {
            "hashes": [
                "sha256:56d181c85b5925cbc59f4489a57e72a8b2166f18273fd8ba7b6fe0c0b986f12a",
                "sha256:6aa3f7faf0ea52d728bb18c0a0d1522d9bfd8c72d26ff6f61bfc3d06a411cf40"
            ],
            "index": "pypi",
            "version": "==2.31.0.2"
        },
        "types-s3transfer": {
            "hashes": [
                "sha256:02154cce46528287ad76ad1a0153840e0492239a0887e8833466eccf84b98da0",
                "sha256:49a7c81fa609ac1532f8de3756e64b58afcecad8767933310228002ec7adff74"
            ],
            "markers": "python_version >= '3.8' and python_version < '4.0'",
            "version": "==0.10.1"
        },
        "types-urllib3": {
            "hashes": [
                "sha256:229b7f577c951b8c1b92c1bc2b2fdb0b49847bd2af6d1cc2a2e3dd340f3bda8f",
                "sha256:9683bbb7fb72e32bfe9d2be6e04875fbe1b3eeec3cbb4ea231435aa7fd6b4f0e"
            ],
            "version": "==1.26.25.14"
        },
        "typing-extensions": {
            "hashes": [
                "sha256:83f085bd5ca59c80295fc2a82ab5dac679cbe02b9f33f7d83af68e241bea51b0",
                "sha256:c1f94d72897edaf4ce775bb7558d5b79d8126906a14ea5ed1635921406c0387a"
            ],
            "markers": "python_version >= '3.8'",
            "version": "==4.11.0"
        },
        "urllib3": {
            "hashes": [
                "sha256:c97dfde1f7bd43a71c8d2a58e369e9b2bf692d1334ea9f9cae55add7d0dd0f84",
                "sha256:fdb6d215c776278489906c2f8916e6e7d4f5a9b602ccbcfdf7f016fc8da0596e"
            ],
            "markers": "python_version >= '3.10'",
            "version": "==2.0.7"
        },
        "ziglang": {
            "hashes": [
                "sha256:038b95cac9adef0c6dce9b72bdad895a0e4e0654c77c4a8f84fe79d2909a366e",
                "sha256:45e8116428267e20529b9ee43a7e7364791c1a092845d2143b248a1dbf6760b0",
                "sha256:4f848c8cca520cb12357cfa3d303bf1149a30566f4c1e5999284dbdf921cc2b8",
                "sha256:5fe81f91fd872fc32ed0f82807df6c680a82cbea56a9f24f818e9da299049022",
                "sha256:97ac4312a358d2a4ba2c153fdb1827caf6bc158501a468ebd6a554b50edee42e",
                "sha256:a7edc7020e7ffbbb3af3a40c17a9bda65d5a65132ff933e153ffa80d8f5ad731",
                "sha256:bd046eeab97ad51048575768f6dae10468b3a4449f4467ed61dae621faf6ee55",
                "sha256:d6372bada34714a5395539cc4d76e9cc6062739cee5ce9949a250f7c525ceb94"
            ],
            "index": "pypi",
            "markers": "python_version ~= '3.5'",
            "version": "==0.11.0"
        }
    },
    "develop": {}
}
